
Microsoft Visual Studio Solution File, Format Version 12.00
# Visual Studio Version 17
VisualStudioVersion = 17.5.33627.172
MinimumVisualStudioVersion = 10.0.40219.1
Project("{2150E333-8FDC-42A3-9474-1A3956D46DE8}") = "Solution Items", "Solution Items", "{A5532BFD-61D8-45C5-B2F2-3478452C7FA1}"
	ProjectSection(SolutionItems) = preProject
		MyMod.cs = MyMod.cs
	EndProjectSection
EndProject
Global
	GlobalSection(SolutionProperties) = preSolution
		HideSolutionNode = FALSE
	EndGlobalSection
	GlobalSection(ExtensibilityGlobals) = postSolution
		SolutionGuid = {2BA471A0-B9A0-4B09-AA41-4D198E51E940}
	EndGlobalSection
EndGlobal
